
Microsoft Visual Studio Solution File, Format Version 12.00
# Visual Studio Version 17
VisualStudioVersion = 17.5.002.0
MinimumVisualStudioVersion = 10.0.40219.1
Project("{9A19103F-16F7-4668-BE54-9A1E7A4F7556}") = "MovieFlixApi", "MovieFlixApi.csproj", "{1CFCF6D1-466D-4158-9A72-B67338928688}"
EndProject
Global
	GlobalSection(SolutionConfigurationPlatforms) = preSolution
		Debug|Any CPU = Debug|Any CPU
		Release|Any CPU = Release|Any CPU
	EndGlobalSection
	GlobalSection(ProjectConfigurationPlatforms) = postSolution
		{1CFCF6D1-466D-4158-9A72-B67338928688}.Debug|Any CPU.ActiveCfg = Debug|Any CPU
		{1CFCF6D1-466D-4158-9A72-B67338928688}.Debug|Any CPU.Build.0 = Debug|Any CPU
		{1CFCF6D1-466D-4158-9A72-B67338928688}.Release|Any CPU.ActiveCfg = Release|Any CPU
		{1CFCF6D1-466D-4158-9A72-B67338928688}.Release|Any CPU.Build.0 = Release|Any CPU
	EndGlobalSection
	GlobalSection(SolutionProperties) = preSolution
		HideSolutionNode = FALSE
	EndGlobalSection
	GlobalSection(ExtensibilityGlobals) = postSolution
		SolutionGuid = {DCB3195B-09ED-499C-8597-73D581E7E7E0}
	EndGlobalSection
EndGlobal
